# THIS IS AN AUTOGENERATED FILE. DO NOT EDIT THIS FILE DIRECTLY.
# yarn lockfile v1


ansi-styles@^3.2.1:
  version "3.2.1"
  resolved "https://registry.npmjs.org/ansi-styles/-/ansi-styles-3.2.1.tgz"
  integrity sha512-VT0ZI6kZRdTh8YyJw3SMbYm/u+NqfsAxEpWO0Pf9sq8/e94WxxOpPKx9FR1FlyCtOVDNOQ+8ntlqFxiRc+r5qA==
  dependencies:
    color-convert "^1.9.0"

chalk@2.4.2:
  version "2.4.2"
  resolved "https://registry.npmjs.org/chalk/-/chalk-2.4.2.tgz"
  integrity sha512-Mti+f9lpJNcwF4tWV8/OrTTtF1gZi+f8FqlyAdouralcFWFQWF2+NgCHShjkCb+IFBLq9buZwE1xckQU4peSuQ==
  dependencies:
    ansi-styles "^3.2.1"
    escape-string-regexp "^1.0.5"
    supports-color "^5.3.0"

color-convert@^1.9.0:
  version "1.9.3"
  resolved "https://registry.npmjs.org/color-convert/-/color-convert-1.9.3.tgz"
  integrity sha512-QfAUtd+vFdAtFQcC8CCyYt1fYWxSqAiK2cSD6zDB8N3cpsEBAvRxp9zOGg6G/SHHJYAT88/az/IuDGALsNVbGg==
  dependencies:
    color-name "1.1.3"

color-name@1.1.3:
  version "1.1.3"
  resolved "https://registry.npmjs.org/color-name/-/color-name-1.1.3.tgz"
  integrity sha1-p9BVi9icQveV3UIyj3QIMcpTvCU=

commander@^9.4.0:
  version "9.4.0"
  resolved "https://registry.yarnpkg.com/commander/-/commander-9.4.0.tgz#bc4a40918fefe52e22450c111ecd6b7acce6f11c"
  integrity sha512-sRPT+umqkz90UA8M1yqYfnHlZA7fF6nSphDtxeywPZ49ysjxDQybzk13CL+mXekDRG92skbcqCLVovuCusNmFw==

de-indent@^1.0.2:
  version "1.0.2"
  resolved "https://registry.npmjs.org/de-indent/-/de-indent-1.0.2.tgz"
  integrity sha512-e/1zu3xH5MQryN2zdVaF0OrdNLUbvWxzMbi+iNA6Bky7l1RoP8a2fIbRocyHclXt/arDrrR6lL3TqFD9pMQTsg==

escape-string-regexp@^1.0.5:
  version "1.0.5"
  resolved "https://registry.npmjs.org/escape-string-regexp/-/escape-string-regexp-1.0.5.tgz"
  integrity sha1-G2HAViGQqN/2rjuyzwIAyhMLhtQ=

esm@^3.2.25:
  version "3.2.25"
  resolved "https://registry.npmjs.org/esm/-/esm-3.2.25.tgz"
  integrity sha512-U1suiZ2oDVWv4zPO56S0NcR5QriEahGtdN2OR6FiOG4WJvcjBVFB0qI4+eKoWFH483PKGuLuu6V8Z4T5g63UVA==

has-flag@^3.0.0:
  version "3.0.0"
  resolved "https://registry.npmjs.org/has-flag/-/has-flag-3.0.0.tgz"
  integrity sha1-tdRU3CGZriJWmfNGfloH87lVuv0=

he@^1.2.0:
  version "1.2.0"
  resolved "https://registry.npmjs.org/he/-/he-1.2.0.tgz"
  integrity sha512-F/1DnUGPopORZi0ni+CvrCgHQ5FyEAHRLSApuYWMmrbSwoN2Mn/7k+Gl38gJnR7yyDZk6WLXwiGod1JOWNDKGw==

lodash.chunk@^4.2.0:
  version "4.2.0"
  resolved "https://registry.npmjs.org/lodash.chunk/-/lodash.chunk-4.2.0.tgz"
  integrity sha1-ZuXOH3btJ7QwPYxlEujRIW6BBrw=

lodash.defaultsdeep@4.6.1:
  version "4.6.1"
  resolved "https://registry.npmjs.org/lodash.defaultsdeep/-/lodash.defaultsdeep-4.6.1.tgz"
  integrity sha512-3j8wdDzYuWO3lM3Reg03MuQR957t287Rpcxp1njpEa8oDrikb+FwGdW3n+FELh/A6qib6yPit0j/pv9G/yeAqA==

lodash.findindex@4.6.0:
  version "4.6.0"
  resolved "https://registry.npmjs.org/lodash.findindex/-/lodash.findindex-4.6.0.tgz"
  integrity sha1-oyRd7mH7m24GJLU1ElYku2nBEQY=

lodash.isempty@4.4.0:
  version "4.4.0"
  resolved "https://registry.npmjs.org/lodash.isempty/-/lodash.isempty-4.4.0.tgz"
  integrity sha1-b4bL7di+TsmHvpqvM8loTbGzHn4=

lodash.padstart@^4.6.1:
  version "4.6.1"
  resolved "https://registry.npmjs.org/lodash.padstart/-/lodash.padstart-4.6.1.tgz"
  integrity sha1-0uPuv/DZ05rVD1y9G1KnvOa7YRs=

lodash.sortby@^4.7.0:
  version "4.7.0"
  resolved "https://registry.npmjs.org/lodash.sortby/-/lodash.sortby-4.7.0.tgz"
  integrity sha1-7dFMgk4sycHgsKG0K7UhBRakJDg=

lodash.trimend@^4.5.1:
  version "4.5.1"
  resolved "https://registry.npmjs.org/lodash.trimend/-/lodash.trimend-4.5.1.tgz"
  integrity sha1-EoBENyhrmMrYmWt5QU4RMAEUCC8=

lodash.trimstart@^4.5.1:
  version "4.5.1"
  resolved "https://registry.npmjs.org/lodash.trimstart/-/lodash.trimstart-4.5.1.tgz"
  integrity sha1-j/TexTLYJIavWVc8OURZFOlEp/E=

punycode@^2.1.0:
  version "2.1.1"
  resolved "https://registry.npmjs.org/punycode/-/punycode-2.1.1.tgz"
  integrity sha512-XRsRjdf+j5ml+y/6GKHPZbrF/8p2Yga0JPtdqTIY2Xe5ohJPD9saDJJLPvp9+NSBprVvevdXZybnj2cv8OEd0A==

remove-markdown@0.3.0:
  version "0.3.0"
  resolved "https://registry.npmjs.org/remove-markdown/-/remove-markdown-0.3.0.tgz"
  integrity sha1-XktmdJOpNXlyjz1S7MHbnKUF3Jg=

sitemap@^3.0.0:
  version "3.2.2"
  resolved "https://registry.npmjs.org/sitemap/-/sitemap-3.2.2.tgz"
  integrity sha512-TModL/WU4m2q/mQcrDgNANn0P4LwprM9MMvG4hu5zP4c6IIKs2YLTu6nXXnNr8ODW/WFtxKggiJ1EGn2W0GNmg==
  dependencies:
    lodash.chunk "^4.2.0"
    lodash.padstart "^4.6.1"
    whatwg-url "^7.0.0"
    xmlbuilder "^13.0.0"

striptags@3.1.1:
  version "3.1.1"
  resolved "https://registry.npmjs.org/striptags/-/striptags-3.1.1.tgz"
  integrity sha1-yMPn/db7S7OjKjt1LltePjgJPr0=

supports-color@^5.3.0:
  version "5.5.0"
  resolved "https://registry.npmjs.org/supports-color/-/supports-color-5.5.0.tgz"
  integrity sha512-QjVjwdXIt408MIiAqCX4oUKsgU2EqAGzs2Ppkm4aQYbjm+ZEWEcW4SfFNTr4uMNZma0ey4f5lgLrkB0aX0QMow==
  dependencies:
    has-flag "^3.0.0"

tr46@^1.0.1:
  version "1.0.1"
  resolved "https://registry.npmjs.org/tr46/-/tr46-1.0.1.tgz"
  integrity sha1-qLE/1r/SSJUZZ0zN5VujaTtwbQk=
  dependencies:
    punycode "^2.1.0"

vue-template-compiler@^2.7.12:
  version "2.7.12"
  resolved "https://registry.yarnpkg.com/vue-template-compiler/-/vue-template-compiler-2.7.12.tgz#762476971b13eb5ea5c786886be28395f345c1e1"
  integrity sha512-6rhJAuo2vRzJMs8X/pd9yqtsJmnPEnv4E0cb9KCu0sfGhoDt8roCCa/6qbrvpc1b38zYgdmY/xrk4qfNWZIjwA==
  dependencies:
    de-indent "^1.0.2"
    he "^1.2.0"

vuepress-plugin-autometa@^0.1.13:
  version "0.1.13"
  resolved "https://registry.npmjs.org/vuepress-plugin-autometa/-/vuepress-plugin-autometa-0.1.13.tgz"
  integrity sha512-yhd8smLhbCO0+gc3FRNjOyffdGl12gUkv60UqdtEUCojEy4s7APDJ2pt85cSLASMdnWaY7EcMibMRkqeUOVAKg==
  dependencies:
    lodash.defaultsdeep "4.6.1"
    lodash.findindex "4.6.0"
    lodash.isempty "4.4.0"
    lodash.trimend "^4.5.1"
    lodash.trimstart "^4.5.1"
    remove-markdown "0.3.0"
    striptags "3.1.1"

vuepress-plugin-sitemap@^2.3.1:
  version "2.3.1"
  resolved "https://registry.npmjs.org/vuepress-plugin-sitemap/-/vuepress-plugin-sitemap-2.3.1.tgz"
  integrity sha512-n+8lbukhrKrsI9H/EX0EBgkE1pn85LAQFvQ5dIvrZP4Kz6JxPOPPNTQmZMhahQV1tXbLZQCEN7A1WZH4x+arJQ==
  dependencies:
    sitemap "^3.0.0"

webidl-conversions@^4.0.2:
  version "4.0.2"
  resolved "https://registry.npmjs.org/webidl-conversions/-/webidl-conversions-4.0.2.tgz"
  integrity sha512-YQ+BmxuTgd6UXZW3+ICGfyqRyHXVlD5GtQr5+qjiNW7bF0cqrzX500HVXPBOvgXb5YnzDd+h0zqyv61KUD7+Sg==

whatwg-url@^7.0.0:
  version "7.1.0"
  resolved "https://registry.npmjs.org/whatwg-url/-/whatwg-url-7.1.0.tgz"
  integrity sha512-WUu7Rg1DroM7oQvGWfOiAK21n74Gg+T4elXEQYkOhtyLeWiJFoOGLXPKI/9gzIie9CtwVLm8wtw6YJdKyxSjeg==
  dependencies:
    lodash.sortby "^4.7.0"
    tr46 "^1.0.1"
    webidl-conversions "^4.0.2"

xmlbuilder@^13.0.0:
  version "13.0.2"
  resolved "https://registry.npmjs.org/xmlbuilder/-/xmlbuilder-13.0.2.tgz"
  integrity sha512-Eux0i2QdDYKbdbA6AM6xE4m6ZTZr4G4xF9kahI2ukSEMCzwce2eX9WlTI5J3s+NU7hpasFsr8hWIONae7LluAQ==
